
Microsoft Visual Studio Solution File, Format Version 12.00
# Visual Studio Version 17
VisualStudioVersion = 17.2.32526.322
MinimumVisualStudioVersion = 10.0.40219.1
Project("{FAE04EC0-301F-11D3-BF4B-00C04F79EFBC}") = "ABPMLManager", "ABPMLManager\ABPMLManager.csproj", "{E5D7D778-E2C0-4126-AF8D-33E8ED1788F1}"
EndProject
Global
	GlobalSection(SolutionConfigurationPlatforms) = preSolution
		Debug|Any CPU = Debug|Any CPU
		Release|Any CPU = Release|Any CPU
	EndGlobalSection
	GlobalSection(ProjectConfigurationPlatforms) = postSolution
		{E5D7D778-E2C0-4126-AF8D-33E8ED1788F1}.Debug|Any CPU.ActiveCfg = Debug|Any CPU
		{E5D7D778-E2C0-4126-AF8D-33E8ED1788F1}.Debug|Any CPU.Build.0 = Debug|Any CPU
		{E5D7D778-E2C0-4126-AF8D-33E8ED1788F1}.Release|Any CPU.ActiveCfg = Release|Any CPU
		{E5D7D778-E2C0-4126-AF8D-33E8ED1788F1}.Release|Any CPU.Build.0 = Release|Any CPU
	EndGlobalSection
	GlobalSection(SolutionProperties) = preSolution
		HideSolutionNode = FALSE
	EndGlobalSection
	GlobalSection(ExtensibilityGlobals) = postSolution
		SolutionGuid = {FDEA88F6-1699-4390-B0EA-7FCDF468F5DD}
	EndGlobalSection
EndGlobal
